
Microsoft Visual Studio Solution File, Format Version 12.00
# Visual Studio 15
VisualStudioVersion = 15.0.26730.16
MinimumVisualStudioVersion = 10.0.40219.1
Project("{FAE04EC0-301F-11D3-BF4B-00C04F79EFBC}") = "StarterKit.Android", "XF.CM.StarterKit\StarterKit.Android\StarterKit.Android.csproj", "{176F6CA4-9698-4447-BCC0-A0671D18C666}"
EndProject
Project("{FAE04EC0-301F-11D3-BF4B-00C04F79EFBC}") = "StarterKit", "XF.CM.StarterKit\StarterKit\StarterKit.csproj", "{1685D07B-D4F7-4483-9F09-E9F4E295AA31}"
EndProject
Project("{FAE04EC0-301F-11D3-BF4B-00C04F79EFBC}") = "StarterKit.UWP", "XF.CM.StarterKit\StarterKit.UWP\StarterKit.UWP.csproj", "{5357B426-4B98-40B5-87C3-09D292B982AB}"
EndProject
Project("{FAE04EC0-301F-11D3-BF4B-00C04F79EFBC}") = "StarterKit.iOS", "XF.CM.StarterKit\StarterKit.iOS\StarterKit.iOS.csproj", "{A09D4CD0-7429-46DA-83CA-C25683CE393C}"
EndProject
Project("{2150E333-8FDC-42A3-9474-1A3956D46DE8}") = "Projects", "Projects", "{A6CA4356-C77B-41C2-AE1C-24F9D4D5638E}"
EndProject
Project("{2150E333-8FDC-42A3-9474-1A3956D46DE8}") = "VSIX", "VSIX", "{CFF9D8BF-F7C7-49EA-BEB2-B3B5AB740099}"
EndProject
Project("{FAE04EC0-301F-11D3-BF4B-00C04F79EFBC}") = "MultiProjectTemplate", "VSIX\MultiProjectTemplate\MultiProjectTemplate.csproj", "{ECBCE06E-468D-4DA0-A3FB-A9690BFE838C}"
EndProject
Project("{FAE04EC0-301F-11D3-BF4B-00C04F79EFBC}") = "ViewViewModelItemTemplate", "VSIX\ViewViewModelItemTemplate\ViewViewModelItemTemplate.csproj", "{51BEAE81-0386-41CD-A91A-17DAD2C8DAE7}"
EndProject
Project("{FAE04EC0-301F-11D3-BF4B-00C04F79EFBC}") = "VSIX", "VSIX\VSIX\VSIX.csproj", "{F7AC2F11-2F1B-4DE2-B223-A4722DFBA8B3}"
EndProject
Global
	GlobalSection(SolutionConfigurationPlatforms) = preSolution
		Ad-Hoc|Any CPU = Ad-Hoc|Any CPU
		Ad-Hoc|ARM = Ad-Hoc|ARM
		Ad-Hoc|iPhone = Ad-Hoc|iPhone
		Ad-Hoc|iPhoneSimulator = Ad-Hoc|iPhoneSimulator
		Ad-Hoc|x64 = Ad-Hoc|x64
		Ad-Hoc|x86 = Ad-Hoc|x86
		AppStore|Any CPU = AppStore|Any CPU
		AppStore|ARM = AppStore|ARM
		AppStore|iPhone = AppStore|iPhone
		AppStore|iPhoneSimulator = AppStore|iPhoneSimulator
		AppStore|x64 = AppStore|x64
		AppStore|x86 = AppStore|x86
		Debug|Any CPU = Debug|Any CPU
		Debug|ARM = Debug|ARM
		Debug|iPhone = Debug|iPhone
		Debug|iPhoneSimulator = Debug|iPhoneSimulator
		Debug|x64 = Debug|x64
		Debug|x86 = Debug|x86
		Release|Any CPU = Release|Any CPU
		Release|ARM = Release|ARM
		Release|iPhone = Release|iPhone
		Release|iPhoneSimulator = Release|iPhoneSimulator
		Release|x64 = Release|x64
		Release|x86 = Release|x86
	EndGlobalSection
	GlobalSection(ProjectConfigurationPlatforms) = postSolution
		{176F6CA4-9698-4447-BCC0-A0671D18C666}.Ad-Hoc|Any CPU.ActiveCfg = Release|Any CPU
		{176F6CA4-9698-4447-BCC0-A0671D18C666}.Ad-Hoc|Any CPU.Build.0 = Release|Any CPU
		{176F6CA4-9698-4447-BCC0-A0671D18C666}.Ad-Hoc|Any CPU.Deploy.0 = Release|Any CPU
		{176F6CA4-9698-4447-BCC0-A0671D18C666}.Ad-Hoc|ARM.ActiveCfg = Release|Any CPU
		{176F6CA4-9698-4447-BCC0-A0671D18C666}.Ad-Hoc|ARM.Build.0 = Release|Any CPU
		{176F6CA4-9698-4447-BCC0-A0671D18C666}.Ad-Hoc|ARM.Deploy.0 = Release|Any CPU
		{176F6CA4-9698-4447-BCC0-A0671D18C666}.Ad-Hoc|iPhone.ActiveCfg = Release|Any CPU
		{176F6CA4-9698-4447-BCC0-A0671D18C666}.Ad-Hoc|iPhone.Build.0 = Release|Any CPU
		{176F6CA4-9698-4447-BCC0-A0671D18C666}.Ad-Hoc|iPhone.Deploy.0 = Release|Any CPU
		{176F6CA4-9698-4447-BCC0-A0671D18C666}.Ad-Hoc|iPhoneSimulator.ActiveCfg = Release|Any CPU
		{176F6CA4-9698-4447-BCC0-A0671D18C666}.Ad-Hoc|iPhoneSimulator.Build.0 = Release|Any CPU
		{176F6CA4-9698-4447-BCC0-A0671D18C666}.Ad-Hoc|iPhoneSimulator.Deploy.0 = Release|Any CPU
		{176F6CA4-9698-4447-BCC0-A0671D18C666}.Ad-Hoc|x64.ActiveCfg = Release|Any CPU
		{176F6CA4-9698-4447-BCC0-A0671D18C666}.Ad-Hoc|x64.Build.0 = Release|Any CPU
		{176F6CA4-9698-4447-BCC0-A0671D18C666}.Ad-Hoc|x64.Deploy.0 = Release|Any CPU
		{176F6CA4-9698-4447-BCC0-A0671D18C666}.Ad-Hoc|x86.ActiveCfg = Release|Any CPU
		{176F6CA4-9698-4447-BCC0-A0671D18C666}.Ad-Hoc|x86.Build.0 = Release|Any CPU
		{176F6CA4-9698-4447-BCC0-A0671D18C666}.Ad-Hoc|x86.Deploy.0 = Release|Any CPU
		{176F6CA4-9698-4447-BCC0-A0671D18C666}.AppStore|Any CPU.ActiveCfg = Release|Any CPU
		{176F6CA4-9698-4447-BCC0-A0671D18C666}.AppStore|Any CPU.Build.0 = Release|Any CPU
		{176F6CA4-9698-4447-BCC0-A0671D18C666}.AppStore|Any CPU.Deploy.0 = Release|Any CPU
		{176F6CA4-9698-4447-BCC0-A0671D18C666}.AppStore|ARM.ActiveCfg = Release|Any CPU
		{176F6CA4-9698-4447-BCC0-A0671D18C666}.AppStore|ARM.Build.0 = Release|Any CPU
		{176F6CA4-9698-4447-BCC0-A0671D18C666}.AppStore|ARM.Deploy.0 = Release|Any CPU
		{176F6CA4-9698-4447-BCC0-A0671D18C666}.AppStore|iPhone.ActiveCfg = Release|Any CPU
		{176F6CA4-9698-4447-BCC0-A0671D18C666}.AppStore|iPhone.Build.0 = Release|Any CPU
		{176F6CA4-9698-4447-BCC0-A0671D18C666}.AppStore|iPhone.Deploy.0 = Release|Any CPU
		{176F6CA4-9698-4447-BCC0-A0671D18C666}.AppStore|iPhoneSimulator.ActiveCfg = Release|Any CPU
		{176F6CA4-9698-4447-BCC0-A0671D18C666}.AppStore|iPhoneSimulator.Build.0 = Release|Any CPU
		{176F6CA4-9698-4447-BCC0-A0671D18C666}.AppStore|iPhoneSimulator.Deploy.0 = Release|Any CPU
		{176F6CA4-9698-4447-BCC0-A0671D18C666}.AppStore|x64.ActiveCfg = Release|Any CPU
		{176F6CA4-9698-4447-BCC0-A0671D18C666}.AppStore|x64.Build.0 = Release|Any CPU
		{176F6CA4-9698-4447-BCC0-A0671D18C666}.AppStore|x64.Deploy.0 = Release|Any CPU
		{176F6CA4-9698-4447-BCC0-A0671D18C666}.AppStore|x86.ActiveCfg = Release|Any CPU
		{176F6CA4-9698-4447-BCC0-A0671D18C666}.AppStore|x86.Build.0 = Release|Any CPU
		{176F6CA4-9698-4447-BCC0-A0671D18C666}.AppStore|x86.Deploy.0 = Release|Any CPU
		{176F6CA4-9698-4447-BCC0-A0671D18C666}.Debug|Any CPU.ActiveCfg = Debug|Any CPU
		{176F6CA4-9698-4447-BCC0-A0671D18C666}.Debug|Any CPU.Build.0 = Debug|Any CPU
		{176F6CA4-9698-4447-BCC0-A0671D18C666}.Debug|Any CPU.Deploy.0 = Debug|Any CPU
		{176F6CA4-9698-4447-BCC0-A0671D18C666}.Debug|ARM.ActiveCfg = Debug|Any CPU
		{176F6CA4-9698-4447-BCC0-A0671D18C666}.Debug|ARM.Build.0 = Debug|Any CPU
		{176F6CA4-9698-4447-BCC0-A0671D18C666}.Debug|ARM.Deploy.0 = Debug|Any CPU
		{176F6CA4-9698-4447-BCC0-A0671D18C666}.Debug|iPhone.ActiveCfg = Debug|Any CPU
		{176F6CA4-9698-4447-BCC0-A0671D18C666}.Debug|iPhone.Build.0 = Debug|Any CPU
		{176F6CA4-9698-4447-BCC0-A0671D18C666}.Debug|iPhone.Deploy.0 = Debug|Any CPU
		{176F6CA4-9698-4447-BCC0-A0671D18C666}.Debug|iPhoneSimulator.ActiveCfg = Debug|Any CPU
		{176F6CA4-9698-4447-BCC0-A0671D18C666}.Debug|iPhoneSimulator.Build.0 = Debug|Any CPU
		{176F6CA4-9698-4447-BCC0-A0671D18C666}.Debug|iPhoneSimulator.Deploy.0 = Debug|Any CPU
		{176F6CA4-9698-4447-BCC0-A0671D18C666}.Debug|x64.ActiveCfg = Debug|Any CPU
		{176F6CA4-9698-4447-BCC0-A0671D18C666}.Debug|x64.Build.0 = Debug|Any CPU
		{176F6CA4-9698-4447-BCC0-A0671D18C666}.Debug|x64.Deploy.0 = Debug|Any CPU
		{176F6CA4-9698-4447-BCC0-A0671D18C666}.Debug|x86.ActiveCfg = Debug|Any CPU
		{176F6CA4-9698-4447-BCC0-A0671D18C666}.Debug|x86.Build.0 = Debug|Any CPU
		{176F6CA4-9698-4447-BCC0-A0671D18C666}.Debug|x86.Deploy.0 = Debug|Any CPU
		{176F6CA4-9698-4447-BCC0-A0671D18C666}.Release|Any CPU.ActiveCfg = Release|Any CPU
		{176F6CA4-9698-4447-BCC0-A0671D18C666}.Release|ARM.ActiveCfg = Release|Any CPU
		{176F6CA4-9698-4447-BCC0-A0671D18C666}.Release|ARM.Build.0 = Release|Any CPU
		{176F6CA4-9698-4447-BCC0-A0671D18C666}.Release|ARM.Deploy.0 = Release|Any CPU
		{176F6CA4-9698-4447-BCC0-A0671D18C666}.Release|iPhone.ActiveCfg = Release|Any CPU
		{176F6CA4-9698-4447-BCC0-A0671D18C666}.Release|iPhone.Build.0 = Release|Any CPU
		{176F6CA4-9698-4447-BCC0-A0671D18C666}.Release|iPhone.Deploy.0 = Release|Any CPU
		{176F6CA4-9698-4447-BCC0-A0671D18C666}.Release|iPhoneSimulator.ActiveCfg = Release|Any CPU
		{176F6CA4-9698-4447-BCC0-A0671D18C666}.Release|iPhoneSimulator.Build.0 = Release|Any CPU
		{176F6CA4-9698-4447-BCC0-A0671D18C666}.Release|iPhoneSimulator.Deploy.0 = Release|Any CPU
		{176F6CA4-9698-4447-BCC0-A0671D18C666}.Release|x64.ActiveCfg = Release|Any CPU
		{176F6CA4-9698-4447-BCC0-A0671D18C666}.Release|x64.Build.0 = Release|Any CPU
		{176F6CA4-9698-4447-BCC0-A0671D18C666}.Release|x64.Deploy.0 = Release|Any CPU
		{176F6CA4-9698-4447-BCC0-A0671D18C666}.Release|x86.ActiveCfg = Release|Any CPU
		{176F6CA4-9698-4447-BCC0-A0671D18C666}.Release|x86.Build.0 = Release|Any CPU
		{176F6CA4-9698-4447-BCC0-A0671D18C666}.Release|x86.Deploy.0 = Release|Any CPU
		{1685D07B-D4F7-4483-9F09-E9F4E295AA31}.Ad-Hoc|Any CPU.ActiveCfg = Release|Any CPU
		{1685D07B-D4F7-4483-9F09-E9F4E295AA31}.Ad-Hoc|Any CPU.Build.0 = Release|Any CPU
		{1685D07B-D4F7-4483-9F09-E9F4E295AA31}.Ad-Hoc|ARM.ActiveCfg = Release|Any CPU
		{1685D07B-D4F7-4483-9F09-E9F4E295AA31}.Ad-Hoc|ARM.Build.0 = Release|Any CPU
		{1685D07B-D4F7-4483-9F09-E9F4E295AA31}.Ad-Hoc|iPhone.ActiveCfg = Release|Any CPU
		{1685D07B-D4F7-4483-9F09-E9F4E295AA31}.Ad-Hoc|iPhone.Build.0 = Release|Any CPU
		{1685D07B-D4F7-4483-9F09-E9F4E295AA31}.Ad-Hoc|iPhoneSimulator.ActiveCfg = Release|Any CPU
		{1685D07B-D4F7-4483-9F09-E9F4E295AA31}.Ad-Hoc|iPhoneSimulator.Build.0 = Release|Any CPU
		{1685D07B-D4F7-4483-9F09-E9F4E295AA31}.Ad-Hoc|x64.ActiveCfg = Release|Any CPU
		{1685D07B-D4F7-4483-9F09-E9F4E295AA31}.Ad-Hoc|x64.Build.0 = Release|Any CPU
		{1685D07B-D4F7-4483-9F09-E9F4E295AA31}.Ad-Hoc|x86.ActiveCfg = Release|Any CPU
		{1685D07B-D4F7-4483-9F09-E9F4E295AA31}.Ad-Hoc|x86.Build.0 = Release|Any CPU
		{1685D07B-D4F7-4483-9F09-E9F4E295AA31}.AppStore|Any CPU.ActiveCfg = Release|Any CPU
		{1685D07B-D4F7-4483-9F09-E9F4E295AA31}.AppStore|Any CPU.Build.0 = Release|Any CPU
		{1685D07B-D4F7-4483-9F09-E9F4E295AA31}.AppStore|ARM.ActiveCfg = Release|Any CPU
		{1685D07B-D4F7-4483-9F09-E9F4E295AA31}.AppStore|ARM.Build.0 = Release|Any CPU
		{1685D07B-D4F7-4483-9F09-E9F4E295AA31}.AppStore|iPhone.ActiveCfg = Release|Any CPU
		{1685D07B-D4F7-4483-9F09-E9F4E295AA31}.AppStore|iPhone.Build.0 = Release|Any CPU
		{1685D07B-D4F7-4483-9F09-E9F4E295AA31}.AppStore|iPhoneSimulator.ActiveCfg = Release|Any CPU
		{1685D07B-D4F7-4483-9F09-E9F4E295AA31}.AppStore|iPhoneSimulator.Build.0 = Release|Any CPU
		{1685D07B-D4F7-4483-9F09-E9F4E295AA31}.AppStore|x64.ActiveCfg = Release|Any CPU
		{1685D07B-D4F7-4483-9F09-E9F4E295AA31}.AppStore|x64.Build.0 = Release|Any CPU
		{1685D07B-D4F7-4483-9F09-E9F4E295AA31}.AppStore|x86.ActiveCfg = Release|Any CPU
		{1685D07B-D4F7-4483-9F09-E9F4E295AA31}.AppStore|x86.Build.0 = Release|Any CPU
		{1685D07B-D4F7-4483-9F09-E9F4E295AA31}.Debug|Any CPU.ActiveCfg = Debug|Any CPU
		{1685D07B-D4F7-4483-9F09-E9F4E295AA31}.Debug|Any CPU.Build.0 = Debug|Any CPU
		{1685D07B-D4F7-4483-9F09-E9F4E295AA31}.Debug|ARM.ActiveCfg = Debug|Any CPU
		{1685D07B-D4F7-4483-9F09-E9F4E295AA31}.Debug|ARM.Build.0 = Debug|Any CPU
		{1685D07B-D4F7-4483-9F09-E9F4E295AA31}.Debug|iPhone.ActiveCfg = Debug|Any CPU
		{1685D07B-D4F7-4483-9F09-E9F4E295AA31}.Debug|iPhone.Build.0 = Debug|Any CPU
		{1685D07B-D4F7-4483-9F09-E9F4E295AA31}.Debug|iPhoneSimulator.ActiveCfg = Debug|Any CPU
		{1685D07B-D4F7-4483-9F09-E9F4E295AA31}.Debug|iPhoneSimulator.Build.0 = Debug|Any CPU
		{1685D07B-D4F7-4483-9F09-E9F4E295AA31}.Debug|x64.ActiveCfg = Debug|Any CPU
		{1685D07B-D4F7-4483-9F09-E9F4E295AA31}.Debug|x64.Build.0 = Debug|Any CPU
		{1685D07B-D4F7-4483-9F09-E9F4E295AA31}.Debug|x86.ActiveCfg = Debug|Any CPU
		{1685D07B-D4F7-4483-9F09-E9F4E295AA31}.Debug|x86.Build.0 = Debug|Any CPU
		{1685D07B-D4F7-4483-9F09-E9F4E295AA31}.Release|Any CPU.ActiveCfg = Release|Any CPU
		{1685D07B-D4F7-4483-9F09-E9F4E295AA31}.Release|ARM.ActiveCfg = Release|Any CPU
		{1685D07B-D4F7-4483-9F09-E9F4E295AA31}.Release|ARM.Build.0 = Release|Any CPU
		{1685D07B-D4F7-4483-9F09-E9F4E295AA31}.Release|iPhone.ActiveCfg = Release|Any CPU
		{1685D07B-D4F7-4483-9F09-E9F4E295AA31}.Release|iPhone.Build.0 = Release|Any CPU
		{1685D07B-D4F7-4483-9F09-E9F4E295AA31}.Release|iPhoneSimulator.ActiveCfg = Release|Any CPU
		{1685D07B-D4F7-4483-9F09-E9F4E295AA31}.Release|iPhoneSimulator.Build.0 = Release|Any CPU
		{1685D07B-D4F7-4483-9F09-E9F4E295AA31}.Release|x64.ActiveCfg = Release|Any CPU
		{1685D07B-D4F7-4483-9F09-E9F4E295AA31}.Release|x64.Build.0 = Release|Any CPU
		{1685D07B-D4F7-4483-9F09-E9F4E295AA31}.Release|x86.ActiveCfg = Release|Any CPU
		{1685D07B-D4F7-4483-9F09-E9F4E295AA31}.Release|x86.Build.0 = Release|Any CPU
		{5357B426-4B98-40B5-87C3-09D292B982AB}.Ad-Hoc|Any CPU.ActiveCfg = Release|x86
		{5357B426-4B98-40B5-87C3-09D292B982AB}.Ad-Hoc|Any CPU.Build.0 = Release|x86
		{5357B426-4B98-40B5-87C3-09D292B982AB}.Ad-Hoc|Any CPU.Deploy.0 = Release|x86
		{5357B426-4B98-40B5-87C3-09D292B982AB}.Ad-Hoc|ARM.ActiveCfg = Release|ARM
		{5357B426-4B98-40B5-87C3-09D292B982AB}.Ad-Hoc|ARM.Build.0 = Release|ARM
		{5357B426-4B98-40B5-87C3-09D292B982AB}.Ad-Hoc|ARM.Deploy.0 = Release|ARM
		{5357B426-4B98-40B5-87C3-09D292B982AB}.Ad-Hoc|iPhone.ActiveCfg = Release|x86
		{5357B426-4B98-40B5-87C3-09D292B982AB}.Ad-Hoc|iPhone.Build.0 = Release|x86
		{5357B426-4B98-40B5-87C3-09D292B982AB}.Ad-Hoc|iPhone.Deploy.0 = Release|x86
		{5357B426-4B98-40B5-87C3-09D292B982AB}.Ad-Hoc|iPhoneSimulator.ActiveCfg = Release|x86
		{5357B426-4B98-40B5-87C3-09D292B982AB}.Ad-Hoc|iPhoneSimulator.Build.0 = Release|x86
		{5357B426-4B98-40B5-87C3-09D292B982AB}.Ad-Hoc|iPhoneSimulator.Deploy.0 = Release|x86
		{5357B426-4B98-40B5-87C3-09D292B982AB}.Ad-Hoc|x64.ActiveCfg = Release|x64
		{5357B426-4B98-40B5-87C3-09D292B982AB}.Ad-Hoc|x64.Build.0 = Release|x64
		{5357B426-4B98-40B5-87C3-09D292B982AB}.Ad-Hoc|x64.Deploy.0 = Release|x64
		{5357B426-4B98-40B5-87C3-09D292B982AB}.Ad-Hoc|x86.ActiveCfg = Release|x86
		{5357B426-4B98-40B5-87C3-09D292B982AB}.Ad-Hoc|x86.Build.0 = Release|x86
		{5357B426-4B98-40B5-87C3-09D292B982AB}.Ad-Hoc|x86.Deploy.0 = Release|x86
		{5357B426-4B98-40B5-87C3-09D292B982AB}.AppStore|Any CPU.ActiveCfg = Release|x86
		{5357B426-4B98-40B5-87C3-09D292B982AB}.AppStore|Any CPU.Build.0 = Release|x86
		{5357B426-4B98-40B5-87C3-09D292B982AB}.AppStore|Any CPU.Deploy.0 = Release|x86
		{5357B426-4B98-40B5-87C3-09D292B982AB}.AppStore|ARM.ActiveCfg = Release|ARM
		{5357B426-4B98-40B5-87C3-09D292B982AB}.AppStore|ARM.Build.0 = Release|ARM
		{5357B426-4B98-40B5-87C3-09D292B982AB}.AppStore|ARM.Deploy.0 = Release|ARM
		{5357B426-4B98-40B5-87C3-09D292B982AB}.AppStore|iPhone.ActiveCfg = Release|x86
		{5357B426-4B98-40B5-87C3-09D292B982AB}.AppStore|iPhone.Build.0 = Release|x86
		{5357B426-4B98-40B5-87C3-09D292B982AB}.AppStore|iPhone.Deploy.0 = Release|x86
		{5357B426-4B98-40B5-87C3-09D292B982AB}.AppStore|iPhoneSimulator.ActiveCfg = Release|x86
		{5357B426-4B98-40B5-87C3-09D292B982AB}.AppStore|iPhoneSimulator.Build.0 = Release|x86
		{5357B426-4B98-40B5-87C3-09D292B982AB}.AppStore|iPhoneSimulator.Deploy.0 = Release|x86
		{5357B426-4B98-40B5-87C3-09D292B982AB}.AppStore|x64.ActiveCfg = Release|x64
		{5357B426-4B98-40B5-87C3-09D292B982AB}.AppStore|x64.Build.0 = Release|x64
		{5357B426-4B98-40B5-87C3-09D292B982AB}.AppStore|x64.Deploy.0 = Release|x64
		{5357B426-4B98-40B5-87C3-09D292B982AB}.AppStore|x86.ActiveCfg = Release|x86
		{5357B426-4B98-40B5-87C3-09D292B982AB}.AppStore|x86.Build.0 = Release|x86
		{5357B426-4B98-40B5-87C3-09D292B982AB}.AppStore|x86.Deploy.0 = Release|x86
		{5357B426-4B98-40B5-87C3-09D292B982AB}.Debug|Any CPU.ActiveCfg = Debug|x86
		{5357B426-4B98-40B5-87C3-09D292B982AB}.Debug|Any CPU.Build.0 = Debug|x86
		{5357B426-4B98-40B5-87C3-09D292B982AB}.Debug|Any CPU.Deploy.0 = Debug|x86
		{5357B426-4B98-40B5-87C3-09D292B982AB}.Debug|ARM.ActiveCfg = Debug|ARM
		{5357B426-4B98-40B5-87C3-09D292B982AB}.Debug|ARM.Build.0 = Debug|ARM
		{5357B426-4B98-40B5-87C3-09D292B982AB}.Debug|ARM.Deploy.0 = Debug|ARM
		{5357B426-4B98-40B5-87C3-09D292B982AB}.Debug|iPhone.ActiveCfg = Debug|x86
		{5357B426-4B98-40B5-87C3-09D292B982AB}.Debug|iPhoneSimulator.ActiveCfg = Debug|x86
		{5357B426-4B98-40B5-87C3-09D292B982AB}.Debug|x64.ActiveCfg = Debug|x64
		{5357B426-4B98-40B5-87C3-09D292B982AB}.Debug|x64.Build.0 = Debug|x64
		{5357B426-4B98-40B5-87C3-09D292B982AB}.Debug|x64.Deploy.0 = Debug|x64
		{5357B426-4B98-40B5-87C3-09D292B982AB}.Debug|x86.ActiveCfg = Debug|x86
		{5357B426-4B98-40B5-87C3-09D292B982AB}.Debug|x86.Build.0 = Debug|x86
		{5357B426-4B98-40B5-87C3-09D292B982AB}.Debug|x86.Deploy.0 = Debug|x86
		{5357B426-4B98-40B5-87C3-09D292B982AB}.Release|Any CPU.ActiveCfg = Release|x86
		{5357B426-4B98-40B5-87C3-09D292B982AB}.Release|ARM.ActiveCfg = Release|ARM
		{5357B426-4B98-40B5-87C3-09D292B982AB}.Release|ARM.Build.0 = Release|ARM
		{5357B426-4B98-40B5-87C3-09D292B982AB}.Release|ARM.Deploy.0 = Release|ARM
		{5357B426-4B98-40B5-87C3-09D292B982AB}.Release|iPhone.ActiveCfg = Release|x86
		{5357B426-4B98-40B5-87C3-09D292B982AB}.Release|iPhoneSimulator.ActiveCfg = Release|x86
		{5357B426-4B98-40B5-87C3-09D292B982AB}.Release|x64.ActiveCfg = Release|x64
		{5357B426-4B98-40B5-87C3-09D292B982AB}.Release|x64.Build.0 = Release|x64
		{5357B426-4B98-40B5-87C3-09D292B982AB}.Release|x64.Deploy.0 = Release|x64
		{5357B426-4B98-40B5-87C3-09D292B982AB}.Release|x86.ActiveCfg = Release|x86
		{5357B426-4B98-40B5-87C3-09D292B982AB}.Release|x86.Build.0 = Release|x86
		{5357B426-4B98-40B5-87C3-09D292B982AB}.Release|x86.Deploy.0 = Release|x86
		{A09D4CD0-7429-46DA-83CA-C25683CE393C}.Ad-Hoc|Any CPU.ActiveCfg = Ad-Hoc|iPhone
		{A09D4CD0-7429-46DA-83CA-C25683CE393C}.Ad-Hoc|ARM.ActiveCfg = Ad-Hoc|iPhone
		{A09D4CD0-7429-46DA-83CA-C25683CE393C}.Ad-Hoc|iPhone.ActiveCfg = Ad-Hoc|iPhone
		{A09D4CD0-7429-46DA-83CA-C25683CE393C}.Ad-Hoc|iPhone.Build.0 = Ad-Hoc|iPhone
		{A09D4CD0-7429-46DA-83CA-C25683CE393C}.Ad-Hoc|iPhoneSimulator.ActiveCfg = Ad-Hoc|iPhoneSimulator
		{A09D4CD0-7429-46DA-83CA-C25683CE393C}.Ad-Hoc|iPhoneSimulator.Build.0 = Ad-Hoc|iPhoneSimulator
		{A09D4CD0-7429-46DA-83CA-C25683CE393C}.Ad-Hoc|x64.ActiveCfg = Ad-Hoc|iPhone
		{A09D4CD0-7429-46DA-83CA-C25683CE393C}.Ad-Hoc|x86.ActiveCfg = Ad-Hoc|iPhone
		{A09D4CD0-7429-46DA-83CA-C25683CE393C}.AppStore|Any CPU.ActiveCfg = AppStore|iPhone
		{A09D4CD0-7429-46DA-83CA-C25683CE393C}.AppStore|ARM.ActiveCfg = AppStore|iPhone
		{A09D4CD0-7429-46DA-83CA-C25683CE393C}.AppStore|iPhone.ActiveCfg = AppStore|iPhone
		{A09D4CD0-7429-46DA-83CA-C25683CE393C}.AppStore|iPhone.Build.0 = AppStore|iPhone
		{A09D4CD0-7429-46DA-83CA-C25683CE393C}.AppStore|iPhoneSimulator.ActiveCfg = AppStore|iPhoneSimulator
		{A09D4CD0-7429-46DA-83CA-C25683CE393C}.AppStore|iPhoneSimulator.Build.0 = AppStore|iPhoneSimulator
		{A09D4CD0-7429-46DA-83CA-C25683CE393C}.AppStore|x64.ActiveCfg = AppStore|iPhone
		{A09D4CD0-7429-46DA-83CA-C25683CE393C}.AppStore|x86.ActiveCfg = AppStore|iPhone
		{A09D4CD0-7429-46DA-83CA-C25683CE393C}.Debug|Any CPU.ActiveCfg = Debug|iPhone
		{A09D4CD0-7429-46DA-83CA-C25683CE393C}.Debug|Any CPU.Build.0 = Debug|iPhone
		{A09D4CD0-7429-46DA-83CA-C25683CE393C}.Debug|ARM.ActiveCfg = Debug|iPhone
		{A09D4CD0-7429-46DA-83CA-C25683CE393C}.Debug|iPhone.ActiveCfg = Debug|iPhone
		{A09D4CD0-7429-46DA-83CA-C25683CE393C}.Debug|iPhone.Build.0 = Debug|iPhone
		{A09D4CD0-7429-46DA-83CA-C25683CE393C}.Debug|iPhoneSimulator.ActiveCfg = Debug|iPhoneSimulator
		{A09D4CD0-7429-46DA-83CA-C25683CE393C}.Debug|iPhoneSimulator.Build.0 = Debug|iPhoneSimulator
		{A09D4CD0-7429-46DA-83CA-C25683CE393C}.Debug|x64.ActiveCfg = Debug|iPhone
		{A09D4CD0-7429-46DA-83CA-C25683CE393C}.Debug|x86.ActiveCfg = Debug|iPhone
		{A09D4CD0-7429-46DA-83CA-C25683CE393C}.Release|Any CPU.ActiveCfg = Release|iPhone
		{A09D4CD0-7429-46DA-83CA-C25683CE393C}.Release|ARM.ActiveCfg = Release|iPhone
		{A09D4CD0-7429-46DA-83CA-C25683CE393C}.Release|iPhone.ActiveCfg = Release|iPhone
		{A09D4CD0-7429-46DA-83CA-C25683CE393C}.Release|iPhone.Build.0 = Release|iPhone
		{A09D4CD0-7429-46DA-83CA-C25683CE393C}.Release|iPhoneSimulator.ActiveCfg = Release|iPhoneSimulator
		{A09D4CD0-7429-46DA-83CA-C25683CE393C}.Release|iPhoneSimulator.Build.0 = Release|iPhoneSimulator
		{A09D4CD0-7429-46DA-83CA-C25683CE393C}.Release|x64.ActiveCfg = Release|iPhone
		{A09D4CD0-7429-46DA-83CA-C25683CE393C}.Release|x86.ActiveCfg = Release|iPhone
		{ECBCE06E-468D-4DA0-A3FB-A9690BFE838C}.Ad-Hoc|Any CPU.ActiveCfg = Release|Any CPU
		{ECBCE06E-468D-4DA0-A3FB-A9690BFE838C}.Ad-Hoc|Any CPU.Build.0 = Release|Any CPU
		{ECBCE06E-468D-4DA0-A3FB-A9690BFE838C}.Ad-Hoc|ARM.ActiveCfg = Release|Any CPU
		{ECBCE06E-468D-4DA0-A3FB-A9690BFE838C}.Ad-Hoc|ARM.Build.0 = Release|Any CPU
		{ECBCE06E-468D-4DA0-A3FB-A9690BFE838C}.Ad-Hoc|iPhone.ActiveCfg = Release|Any CPU
		{ECBCE06E-468D-4DA0-A3FB-A9690BFE838C}.Ad-Hoc|iPhone.Build.0 = Release|Any CPU
		{ECBCE06E-468D-4DA0-A3FB-A9690BFE838C}.Ad-Hoc|iPhoneSimulator.ActiveCfg = Release|Any CPU
		{ECBCE06E-468D-4DA0-A3FB-A9690BFE838C}.Ad-Hoc|iPhoneSimulator.Build.0 = Release|Any CPU
		{ECBCE06E-468D-4DA0-A3FB-A9690BFE838C}.Ad-Hoc|x64.ActiveCfg = Release|Any CPU
		{ECBCE06E-468D-4DA0-A3FB-A9690BFE838C}.Ad-Hoc|x64.Build.0 = Release|Any CPU
		{ECBCE06E-468D-4DA0-A3FB-A9690BFE838C}.Ad-Hoc|x86.ActiveCfg = Release|Any CPU
		{ECBCE06E-468D-4DA0-A3FB-A9690BFE838C}.Ad-Hoc|x86.Build.0 = Release|Any CPU
		{ECBCE06E-468D-4DA0-A3FB-A9690BFE838C}.AppStore|Any CPU.ActiveCfg = Release|Any CPU
		{ECBCE06E-468D-4DA0-A3FB-A9690BFE838C}.AppStore|Any CPU.Build.0 = Release|Any CPU
		{ECBCE06E-468D-4DA0-A3FB-A9690BFE838C}.AppStore|ARM.ActiveCfg = Release|Any CPU
		{ECBCE06E-468D-4DA0-A3FB-A9690BFE838C}.AppStore|ARM.Build.0 = Release|Any CPU
		{ECBCE06E-468D-4DA0-A3FB-A9690BFE838C}.AppStore|iPhone.ActiveCfg = Release|Any CPU
		{ECBCE06E-468D-4DA0-A3FB-A9690BFE838C}.AppStore|iPhone.Build.0 = Release|Any CPU
		{ECBCE06E-468D-4DA0-A3FB-A9690BFE838C}.AppStore|iPhoneSimulator.ActiveCfg = Release|Any CPU
		{ECBCE06E-468D-4DA0-A3FB-A9690BFE838C}.AppStore|iPhoneSimulator.Build.0 = Release|Any CPU
		{ECBCE06E-468D-4DA0-A3FB-A9690BFE838C}.AppStore|x64.ActiveCfg = Release|Any CPU
		{ECBCE06E-468D-4DA0-A3FB-A9690BFE838C}.AppStore|x64.Build.0 = Release|Any CPU
		{ECBCE06E-468D-4DA0-A3FB-A9690BFE838C}.AppStore|x86.ActiveCfg = Release|Any CPU
		{ECBCE06E-468D-4DA0-A3FB-A9690BFE838C}.AppStore|x86.Build.0 = Release|Any CPU
		{ECBCE06E-468D-4DA0-A3FB-A9690BFE838C}.Debug|Any CPU.ActiveCfg = Debug|Any CPU
		{ECBCE06E-468D-4DA0-A3FB-A9690BFE838C}.Debug|Any CPU.Build.0 = Debug|Any CPU
		{ECBCE06E-468D-4DA0-A3FB-A9690BFE838C}.Debug|ARM.ActiveCfg = Debug|Any CPU
		{ECBCE06E-468D-4DA0-A3FB-A9690BFE838C}.Debug|ARM.Build.0 = Debug|Any CPU
		{ECBCE06E-468D-4DA0-A3FB-A9690BFE838C}.Debug|iPhone.ActiveCfg = Debug|Any CPU
		{ECBCE06E-468D-4DA0-A3FB-A9690BFE838C}.Debug|iPhone.Build.0 = Debug|Any CPU
		{ECBCE06E-468D-4DA0-A3FB-A9690BFE838C}.Debug|iPhoneSimulator.ActiveCfg = Debug|Any CPU
		{ECBCE06E-468D-4DA0-A3FB-A9690BFE838C}.Debug|iPhoneSimulator.Build.0 = Debug|Any CPU
		{ECBCE06E-468D-4DA0-A3FB-A9690BFE838C}.Debug|x64.ActiveCfg = Debug|Any CPU
		{ECBCE06E-468D-4DA0-A3FB-A9690BFE838C}.Debug|x64.Build.0 = Debug|Any CPU
		{ECBCE06E-468D-4DA0-A3FB-A9690BFE838C}.Debug|x86.ActiveCfg = Debug|Any CPU
		{ECBCE06E-468D-4DA0-A3FB-A9690BFE838C}.Debug|x86.Build.0 = Debug|Any CPU
		{ECBCE06E-468D-4DA0-A3FB-A9690BFE838C}.Release|Any CPU.ActiveCfg = Release|Any CPU
		{ECBCE06E-468D-4DA0-A3FB-A9690BFE838C}.Release|Any CPU.Build.0 = Release|Any CPU
		{ECBCE06E-468D-4DA0-A3FB-A9690BFE838C}.Release|ARM.ActiveCfg = Release|Any CPU
		{ECBCE06E-468D-4DA0-A3FB-A9690BFE838C}.Release|ARM.Build.0 = Release|Any CPU
		{ECBCE06E-468D-4DA0-A3FB-A9690BFE838C}.Release|iPhone.ActiveCfg = Release|Any CPU
		{ECBCE06E-468D-4DA0-A3FB-A9690BFE838C}.Release|iPhone.Build.0 = Release|Any CPU
		{ECBCE06E-468D-4DA0-A3FB-A9690BFE838C}.Release|iPhoneSimulator.ActiveCfg = Release|Any CPU
		{ECBCE06E-468D-4DA0-A3FB-A9690BFE838C}.Release|iPhoneSimulator.Build.0 = Release|Any CPU
		{ECBCE06E-468D-4DA0-A3FB-A9690BFE838C}.Release|x64.ActiveCfg = Release|Any CPU
		{ECBCE06E-468D-4DA0-A3FB-A9690BFE838C}.Release|x64.Build.0 = Release|Any CPU
		{ECBCE06E-468D-4DA0-A3FB-A9690BFE838C}.Release|x86.ActiveCfg = Release|Any CPU
		{ECBCE06E-468D-4DA0-A3FB-A9690BFE838C}.Release|x86.Build.0 = Release|Any CPU
		{51BEAE81-0386-41CD-A91A-17DAD2C8DAE7}.Ad-Hoc|Any CPU.ActiveCfg = Release|Any CPU
		{51BEAE81-0386-41CD-A91A-17DAD2C8DAE7}.Ad-Hoc|Any CPU.Build.0 = Release|Any CPU
		{51BEAE81-0386-41CD-A91A-17DAD2C8DAE7}.Ad-Hoc|ARM.ActiveCfg = Release|Any CPU
		{51BEAE81-0386-41CD-A91A-17DAD2C8DAE7}.Ad-Hoc|ARM.Build.0 = Release|Any CPU
		{51BEAE81-0386-41CD-A91A-17DAD2C8DAE7}.Ad-Hoc|iPhone.ActiveCfg = Release|Any CPU
		{51BEAE81-0386-41CD-A91A-17DAD2C8DAE7}.Ad-Hoc|iPhone.Build.0 = Release|Any CPU
		{51BEAE81-0386-41CD-A91A-17DAD2C8DAE7}.Ad-Hoc|iPhoneSimulator.ActiveCfg = Release|Any CPU
		{51BEAE81-0386-41CD-A91A-17DAD2C8DAE7}.Ad-Hoc|iPhoneSimulator.Build.0 = Release|Any CPU
		{51BEAE81-0386-41CD-A91A-17DAD2C8DAE7}.Ad-Hoc|x64.ActiveCfg = Release|Any CPU
		{51BEAE81-0386-41CD-A91A-17DAD2C8DAE7}.Ad-Hoc|x64.Build.0 = Release|Any CPU
		{51BEAE81-0386-41CD-A91A-17DAD2C8DAE7}.Ad-Hoc|x86.ActiveCfg = Release|Any CPU
		{51BEAE81-0386-41CD-A91A-17DAD2C8DAE7}.Ad-Hoc|x86.Build.0 = Release|Any CPU
		{51BEAE81-0386-41CD-A91A-17DAD2C8DAE7}.AppStore|Any CPU.ActiveCfg = Release|Any CPU
		{51BEAE81-0386-41CD-A91A-17DAD2C8DAE7}.AppStore|Any CPU.Build.0 = Release|Any CPU
		{51BEAE81-0386-41CD-A91A-17DAD2C8DAE7}.AppStore|ARM.ActiveCfg = Release|Any CPU
		{51BEAE81-0386-41CD-A91A-17DAD2C8DAE7}.AppStore|ARM.Build.0 = Release|Any CPU
		{51BEAE81-0386-41CD-A91A-17DAD2C8DAE7}.AppStore|iPhone.ActiveCfg = Release|Any CPU
		{51BEAE81-0386-41CD-A91A-17DAD2C8DAE7}.AppStore|iPhone.Build.0 = Release|Any CPU
		{51BEAE81-0386-41CD-A91A-17DAD2C8DAE7}.AppStore|iPhoneSimulator.ActiveCfg = Release|Any CPU
		{51BEAE81-0386-41CD-A91A-17DAD2C8DAE7}.AppStore|iPhoneSimulator.Build.0 = Release|Any CPU
		{51BEAE81-0386-41CD-A91A-17DAD2C8DAE7}.AppStore|x64.ActiveCfg = Release|Any CPU
		{51BEAE81-0386-41CD-A91A-17DAD2C8DAE7}.AppStore|x64.Build.0 = Release|Any CPU
		{51BEAE81-0386-41CD-A91A-17DAD2C8DAE7}.AppStore|x86.ActiveCfg = Release|Any CPU
		{51BEAE81-0386-41CD-A91A-17DAD2C8DAE7}.AppStore|x86.Build.0 = Release|Any CPU
		{51BEAE81-0386-41CD-A91A-17DAD2C8DAE7}.Debug|Any CPU.ActiveCfg = Debug|Any CPU
		{51BEAE81-0386-41CD-A91A-17DAD2C8DAE7}.Debug|Any CPU.Build.0 = Debug|Any CPU
		{51BEAE81-0386-41CD-A91A-17DAD2C8DAE7}.Debug|ARM.ActiveCfg = Debug|Any CPU
		{51BEAE81-0386-41CD-A91A-17DAD2C8DAE7}.Debug|ARM.Build.0 = Debug|Any CPU
		{51BEAE81-0386-41CD-A91A-17DAD2C8DAE7}.Debug|iPhone.ActiveCfg = Debug|Any CPU
		{51BEAE81-0386-41CD-A91A-17DAD2C8DAE7}.Debug|iPhone.Build.0 = Debug|Any CPU
		{51BEAE81-0386-41CD-A91A-17DAD2C8DAE7}.Debug|iPhoneSimulator.ActiveCfg = Debug|Any CPU
		{51BEAE81-0386-41CD-A91A-17DAD2C8DAE7}.Debug|iPhoneSimulator.Build.0 = Debug|Any CPU
		{51BEAE81-0386-41CD-A91A-17DAD2C8DAE7}.Debug|x64.ActiveCfg = Debug|Any CPU
		{51BEAE81-0386-41CD-A91A-17DAD2C8DAE7}.Debug|x64.Build.0 = Debug|Any CPU
		{51BEAE81-0386-41CD-A91A-17DAD2C8DAE7}.Debug|x86.ActiveCfg = Debug|Any CPU
		{51BEAE81-0386-41CD-A91A-17DAD2C8DAE7}.Debug|x86.Build.0 = Debug|Any CPU
		{51BEAE81-0386-41CD-A91A-17DAD2C8DAE7}.Release|Any CPU.ActiveCfg = Release|Any CPU
		{51BEAE81-0386-41CD-A91A-17DAD2C8DAE7}.Release|Any CPU.Build.0 = Release|Any CPU
		{51BEAE81-0386-41CD-A91A-17DAD2C8DAE7}.Release|ARM.ActiveCfg = Release|Any CPU
		{51BEAE81-0386-41CD-A91A-17DAD2C8DAE7}.Release|ARM.Build.0 = Release|Any CPU
		{51BEAE81-0386-41CD-A91A-17DAD2C8DAE7}.Release|iPhone.ActiveCfg = Release|Any CPU
		{51BEAE81-0386-41CD-A91A-17DAD2C8DAE7}.Release|iPhone.Build.0 = Release|Any CPU
		{51BEAE81-0386-41CD-A91A-17DAD2C8DAE7}.Release|iPhoneSimulator.ActiveCfg = Release|Any CPU
		{51BEAE81-0386-41CD-A91A-17DAD2C8DAE7}.Release|iPhoneSimulator.Build.0 = Release|Any CPU
		{51BEAE81-0386-41CD-A91A-17DAD2C8DAE7}.Release|x64.ActiveCfg = Release|Any CPU
		{51BEAE81-0386-41CD-A91A-17DAD2C8DAE7}.Release|x64.Build.0 = Release|Any CPU
		{51BEAE81-0386-41CD-A91A-17DAD2C8DAE7}.Release|x86.ActiveCfg = Release|Any CPU
		{51BEAE81-0386-41CD-A91A-17DAD2C8DAE7}.Release|x86.Build.0 = Release|Any CPU
		{F7AC2F11-2F1B-4DE2-B223-A4722DFBA8B3}.Ad-Hoc|Any CPU.ActiveCfg = Release|Any CPU
		{F7AC2F11-2F1B-4DE2-B223-A4722DFBA8B3}.Ad-Hoc|Any CPU.Build.0 = Release|Any CPU
		{F7AC2F11-2F1B-4DE2-B223-A4722DFBA8B3}.Ad-Hoc|ARM.ActiveCfg = Release|Any CPU
		{F7AC2F11-2F1B-4DE2-B223-A4722DFBA8B3}.Ad-Hoc|ARM.Build.0 = Release|Any CPU
		{F7AC2F11-2F1B-4DE2-B223-A4722DFBA8B3}.Ad-Hoc|iPhone.ActiveCfg = Release|Any CPU
		{F7AC2F11-2F1B-4DE2-B223-A4722DFBA8B3}.Ad-Hoc|iPhone.Build.0 = Release|Any CPU
		{F7AC2F11-2F1B-4DE2-B223-A4722DFBA8B3}.Ad-Hoc|iPhoneSimulator.ActiveCfg = Release|Any CPU
		{F7AC2F11-2F1B-4DE2-B223-A4722DFBA8B3}.Ad-Hoc|iPhoneSimulator.Build.0 = Release|Any CPU
		{F7AC2F11-2F1B-4DE2-B223-A4722DFBA8B3}.Ad-Hoc|x64.ActiveCfg = Release|Any CPU
		{F7AC2F11-2F1B-4DE2-B223-A4722DFBA8B3}.Ad-Hoc|x64.Build.0 = Release|Any CPU
		{F7AC2F11-2F1B-4DE2-B223-A4722DFBA8B3}.Ad-Hoc|x86.ActiveCfg = Release|Any CPU
		{F7AC2F11-2F1B-4DE2-B223-A4722DFBA8B3}.Ad-Hoc|x86.Build.0 = Release|Any CPU
		{F7AC2F11-2F1B-4DE2-B223-A4722DFBA8B3}.AppStore|Any CPU.ActiveCfg = Release|Any CPU
		{F7AC2F11-2F1B-4DE2-B223-A4722DFBA8B3}.AppStore|Any CPU.Build.0 = Release|Any CPU
		{F7AC2F11-2F1B-4DE2-B223-A4722DFBA8B3}.AppStore|ARM.ActiveCfg = Release|Any CPU
		{F7AC2F11-2F1B-4DE2-B223-A4722DFBA8B3}.AppStore|ARM.Build.0 = Release|Any CPU
		{F7AC2F11-2F1B-4DE2-B223-A4722DFBA8B3}.AppStore|iPhone.ActiveCfg = Release|Any CPU
		{F7AC2F11-2F1B-4DE2-B223-A4722DFBA8B3}.AppStore|iPhone.Build.0 = Release|Any CPU
		{F7AC2F11-2F1B-4DE2-B223-A4722DFBA8B3}.AppStore|iPhoneSimulator.ActiveCfg = Release|Any CPU
		{F7AC2F11-2F1B-4DE2-B223-A4722DFBA8B3}.AppStore|iPhoneSimulator.Build.0 = Release|Any CPU
		{F7AC2F11-2F1B-4DE2-B223-A4722DFBA8B3}.AppStore|x64.ActiveCfg = Release|Any CPU
		{F7AC2F11-2F1B-4DE2-B223-A4722DFBA8B3}.AppStore|x64.Build.0 = Release|Any CPU
		{F7AC2F11-2F1B-4DE2-B223-A4722DFBA8B3}.AppStore|x86.ActiveCfg = Release|Any CPU
		{F7AC2F11-2F1B-4DE2-B223-A4722DFBA8B3}.AppStore|x86.Build.0 = Release|Any CPU
		{F7AC2F11-2F1B-4DE2-B223-A4722DFBA8B3}.Debug|Any CPU.ActiveCfg = Debug|Any CPU
		{F7AC2F11-2F1B-4DE2-B223-A4722DFBA8B3}.Debug|Any CPU.Build.0 = Debug|Any CPU
		{F7AC2F11-2F1B-4DE2-B223-A4722DFBA8B3}.Debug|ARM.ActiveCfg = Debug|Any CPU
		{F7AC2F11-2F1B-4DE2-B223-A4722DFBA8B3}.Debug|ARM.Build.0 = Debug|Any CPU
		{F7AC2F11-2F1B-4DE2-B223-A4722DFBA8B3}.Debug|iPhone.ActiveCfg = Debug|Any CPU
		{F7AC2F11-2F1B-4DE2-B223-A4722DFBA8B3}.Debug|iPhone.Build.0 = Debug|Any CPU
		{F7AC2F11-2F1B-4DE2-B223-A4722DFBA8B3}.Debug|iPhoneSimulator.ActiveCfg = Debug|Any CPU
		{F7AC2F11-2F1B-4DE2-B223-A4722DFBA8B3}.Debug|iPhoneSimulator.Build.0 = Debug|Any CPU
		{F7AC2F11-2F1B-4DE2-B223-A4722DFBA8B3}.Debug|x64.ActiveCfg = Debug|Any CPU
		{F7AC2F11-2F1B-4DE2-B223-A4722DFBA8B3}.Debug|x64.Build.0 = Debug|Any CPU
		{F7AC2F11-2F1B-4DE2-B223-A4722DFBA8B3}.Debug|x86.ActiveCfg = Debug|Any CPU
		{F7AC2F11-2F1B-4DE2-B223-A4722DFBA8B3}.Debug|x86.Build.0 = Debug|Any CPU
		{F7AC2F11-2F1B-4DE2-B223-A4722DFBA8B3}.Release|Any CPU.ActiveCfg = Release|Any CPU
		{F7AC2F11-2F1B-4DE2-B223-A4722DFBA8B3}.Release|Any CPU.Build.0 = Release|Any CPU
		{F7AC2F11-2F1B-4DE2-B223-A4722DFBA8B3}.Release|ARM.ActiveCfg = Release|Any CPU
		{F7AC2F11-2F1B-4DE2-B223-A4722DFBA8B3}.Release|ARM.Build.0 = Release|Any CPU
		{F7AC2F11-2F1B-4DE2-B223-A4722DFBA8B3}.Release|iPhone.ActiveCfg = Release|Any CPU
		{F7AC2F11-2F1B-4DE2-B223-A4722DFBA8B3}.Release|iPhone.Build.0 = Release|Any CPU
		{F7AC2F11-2F1B-4DE2-B223-A4722DFBA8B3}.Release|iPhoneSimulator.ActiveCfg = Release|Any CPU
		{F7AC2F11-2F1B-4DE2-B223-A4722DFBA8B3}.Release|iPhoneSimulator.Build.0 = Release|Any CPU
		{F7AC2F11-2F1B-4DE2-B223-A4722DFBA8B3}.Release|x64.ActiveCfg = Release|Any CPU
		{F7AC2F11-2F1B-4DE2-B223-A4722DFBA8B3}.Release|x64.Build.0 = Release|Any CPU
		{F7AC2F11-2F1B-4DE2-B223-A4722DFBA8B3}.Release|x86.ActiveCfg = Release|Any CPU
		{F7AC2F11-2F1B-4DE2-B223-A4722DFBA8B3}.Release|x86.Build.0 = Release|Any CPU
	EndGlobalSection
	GlobalSection(SolutionProperties) = preSolution
		HideSolutionNode = FALSE
	EndGlobalSection
	GlobalSection(NestedProjects) = preSolution
		{176F6CA4-9698-4447-BCC0-A0671D18C666} = {A6CA4356-C77B-41C2-AE1C-24F9D4D5638E}
		{1685D07B-D4F7-4483-9F09-E9F4E295AA31} = {A6CA4356-C77B-41C2-AE1C-24F9D4D5638E}
		{5357B426-4B98-40B5-87C3-09D292B982AB} = {A6CA4356-C77B-41C2-AE1C-24F9D4D5638E}
		{A09D4CD0-7429-46DA-83CA-C25683CE393C} = {A6CA4356-C77B-41C2-AE1C-24F9D4D5638E}
		{ECBCE06E-468D-4DA0-A3FB-A9690BFE838C} = {CFF9D8BF-F7C7-49EA-BEB2-B3B5AB740099}
		{51BEAE81-0386-41CD-A91A-17DAD2C8DAE7} = {CFF9D8BF-F7C7-49EA-BEB2-B3B5AB740099}
		{F7AC2F11-2F1B-4DE2-B223-A4722DFBA8B3} = {CFF9D8BF-F7C7-49EA-BEB2-B3B5AB740099}
	EndGlobalSection
	GlobalSection(ExtensibilityGlobals) = postSolution
		SolutionGuid = {9E88693A-2556-4A96-B0F5-5B5093FCE817}
	EndGlobalSection
EndGlobal
